
Microsoft Visual Studio Solution File, Format Version 12.00
# Visual Studio 2012
Project("{FAE04EC0-301F-11D3-BF4B-00C04F79EFBC}") = "MusicNotes", "MusicNotes\MusicNotes.csproj", "{09C3DE1C-0FDC-401C-A820-FDCA39C3C142}"
EndProject
Global
	GlobalSection(SolutionConfigurationPlatforms) = preSolution
		Debug|ARM = Debug|ARM
		Debug|Any CPU = Debug|Any CPU
		Debug|x64 = Debug|x64
		Debug|x86 = Debug|x86
		Release|ARM = Release|ARM
		Release|Any CPU = Release|Any CPU
		Release|x64 = Release|x64
		Release|x86 = Release|x86
	EndGlobalSection
	GlobalSection(ProjectConfigurationPlatforms) = postSolution
		{09C3DE1C-0FDC-401C-A820-FDCA39C3C142}.Debug|ARM.ActiveCfg = Debug|ARM
		{09C3DE1C-0FDC-401C-A820-FDCA39C3C142}.Debug|ARM.Build.0 = Debug|ARM
		{09C3DE1C-0FDC-401C-A820-FDCA39C3C142}.Debug|ARM.Deploy.0 = Debug|ARM
		{09C3DE1C-0FDC-401C-A820-FDCA39C3C142}.Debug|Any CPU.ActiveCfg = Debug|Any CPU
		{09C3DE1C-0FDC-401C-A820-FDCA39C3C142}.Debug|Any CPU.Build.0 = Debug|Any CPU
		{09C3DE1C-0FDC-401C-A820-FDCA39C3C142}.Debug|Any CPU.Deploy.0 = Debug|Any CPU
		{09C3DE1C-0FDC-401C-A820-FDCA39C3C142}.Debug|x64.ActiveCfg = Debug|x64
		{09C3DE1C-0FDC-401C-A820-FDCA39C3C142}.Debug|x64.Build.0 = Debug|x64
		{09C3DE1C-0FDC-401C-A820-FDCA39C3C142}.Debug|x64.Deploy.0 = Debug|x64
		{09C3DE1C-0FDC-401C-A820-FDCA39C3C142}.Debug|x86.ActiveCfg = Debug|x86
		{09C3DE1C-0FDC-401C-A820-FDCA39C3C142}.Debug|x86.Build.0 = Debug|x86
		{09C3DE1C-0FDC-401C-A820-FDCA39C3C142}.Debug|x86.Deploy.0 = Debug|x86
		{09C3DE1C-0FDC-401C-A820-FDCA39C3C142}.Release|ARM.ActiveCfg = Release|ARM
		{09C3DE1C-0FDC-401C-A820-FDCA39C3C142}.Release|ARM.Build.0 = Release|ARM
		{09C3DE1C-0FDC-401C-A820-FDCA39C3C142}.Release|ARM.Deploy.0 = Release|ARM
		{09C3DE1C-0FDC-401C-A820-FDCA39C3C142}.Release|Any CPU.ActiveCfg = Release|Any CPU
		{09C3DE1C-0FDC-401C-A820-FDCA39C3C142}.Release|Any CPU.Build.0 = Release|Any CPU
		{09C3DE1C-0FDC-401C-A820-FDCA39C3C142}.Release|Any CPU.Deploy.0 = Release|Any CPU
		{09C3DE1C-0FDC-401C-A820-FDCA39C3C142}.Release|x64.ActiveCfg = Release|x64
		{09C3DE1C-0FDC-401C-A820-FDCA39C3C142}.Release|x64.Build.0 = Release|x64
		{09C3DE1C-0FDC-401C-A820-FDCA39C3C142}.Release|x64.Deploy.0 = Release|x64
		{09C3DE1C-0FDC-401C-A820-FDCA39C3C142}.Release|x86.ActiveCfg = Release|x86
		{09C3DE1C-0FDC-401C-A820-FDCA39C3C142}.Release|x86.Build.0 = Release|x86
		{09C3DE1C-0FDC-401C-A820-FDCA39C3C142}.Release|x86.Deploy.0 = Release|x86
	EndGlobalSection
	GlobalSection(SolutionProperties) = preSolution
		HideSolutionNode = FALSE
	EndGlobalSection
EndGlobal
